// !$*UTF8*$!
{
	archiveVersion = 1;
	classes = {
	};
	objectVersion = 51;
	objects = {

/* Begin PBXBuildFile section */
		03102FAD22A79B85004B280B /* ZMQuetzal.cpp in Sources */ = {isa = PBXBuildFile; fileRef = 03102FAB22A79B85004B280B /* ZMQuetzal.cpp */; };
		0310D4D6229341AC004F67F5 /* GridStoryFacetTest.m in Sources */ = {isa = PBXBuildFile; fileRef = 0310D4D5229341AC004F67F5 /* GridStoryFacetTest.m */; };
		0316CF8122AAEFF600C882C5 /* ZMStackTests.mm in Sources */ = {isa = PBXBuildFile; fileRef = 0316CF8022AAEFF600C882C5 /* ZMStackTests.mm */; };
		0316CF8322AAF02200C882C5 /* ZMQuetzalTests.mm in Sources */ = {isa = PBXBuildFile; fileRef = 0316CF8222AAF02200C882C5 /* ZMQuetzalTests.mm */; };
		0316CFCD22B07A4A00C882C5 /* ZMTextTests.mm in Sources */ = {isa = PBXBuildFile; fileRef = 0316CFCC22B07A4A00C882C5 /* ZMTextTests.mm */; };
		0332A81322D7AFA300B3996D /* VersionFormatter.m in Sources */ = {isa = PBXBuildFile; fileRef = 0332A81222D7AFA300B3996D /* VersionFormatter.m */; };
		0332A81622D92C4800B3996D /* GeneralPreferencesViewController.m in Sources */ = {isa = PBXBuildFile; fileRef = 0332A81522D92C4800B3996D /* GeneralPreferencesViewController.m */; };
		0366C80C210016BB003EEEB6 /* Images.xcassets in Resources */ = {isa = PBXBuildFile; fileRef = 0366C80B210016BB003EEEB6 /* Images.xcassets */; };
		037F044822CE94A0008AD5A5 /* babel.ifiction in Resources */ = {isa = PBXBuildFile; fileRef = 037F044722CE949F008AD5A5 /* babel.ifiction */; };
		038980FE22960792004EDC55 /* Carbon.framework in Frameworks */ = {isa = PBXBuildFile; fileRef = 038980FD22960792004EDC55 /* Carbon.framework */; };
		03898114229CAB5F004EDC55 /* StoryDocumentController.m in Sources */ = {isa = PBXBuildFile; fileRef = 03898113229CAB5F004EDC55 /* StoryDocumentController.m */; };
		0393ED7122D6C2F00071A23B /* InterpreterPreferencesViewController.m in Sources */ = {isa = PBXBuildFile; fileRef = 0393ED7022D6C2F00071A23B /* InterpreterPreferencesViewController.m */; };
		03BB3DEB22A34DE30075CB3B /* ZMHeaderTests.mm in Sources */ = {isa = PBXBuildFile; fileRef = 03BB3DEA22A34DE30075CB3B /* ZMHeaderTests.mm */; };
		03D6A1CD22DE4B2300B16F09 /* StoryViewController.m in Sources */ = {isa = PBXBuildFile; fileRef = 03D6A1CC22DE4B2300B16F09 /* StoryViewController.m */; };
		03D6A1D422DE4D3900B16F09 /* StoryWindowController.m in Sources */ = {isa = PBXBuildFile; fileRef = 03D6A1D322DE4D3900B16F09 /* StoryWindowController.m */; };
		03D6A1D522DE8B1900B16F09 /* Main.storyboard in Resources */ = {isa = PBXBuildFile; fileRef = 03D6A1D722DE8B1900B16F09 /* Main.storyboard */; };
		03D6A1DA22DE9B1700B16F09 /* InformationWindowController.m in Sources */ = {isa = PBXBuildFile; fileRef = 03D6A1D922DE9B1700B16F09 /* InformationWindowController.m */; };
		03DC648C22D9B28C006EE03C /* LibraryViewController.m in Sources */ = {isa = PBXBuildFile; fileRef = 03DC648B22D9B28C006EE03C /* LibraryViewController.m */; };
		03DC649322DAF995006EE03C /* InformationViewController.m in Sources */ = {isa = PBXBuildFile; fileRef = 03DC649222DAF995006EE03C /* InformationViewController.m */; };
		03F4DE2B22EF75960099EE64 /* LibraryWindowController.m in Sources */ = {isa = PBXBuildFile; fileRef = 03F4DE2A22EF75960099EE64 /* LibraryWindowController.m */; };
		6338E0A5180AB53B005A3263 /* AbbreviationsController.m in Sources */ = {isa = PBXBuildFile; fileRef = 6338E04F180AB53B005A3263 /* AbbreviationsController.m */; };
		6338E0A6180AB53B005A3263 /* AppController.m in Sources */ = {isa = PBXBuildFile; fileRef = 6338E051180AB53B005A3263 /* AppController.m */; };
		6338E0A7180AB53B005A3263 /* Blorb.m in Sources */ = {isa = PBXBuildFile; fileRef = 6338E053180AB53B005A3263 /* Blorb.m */; };
		6338E0A8180AB53B005A3263 /* BlorbResource.m in Sources */ = {isa = PBXBuildFile; fileRef = 6338E055180AB53B005A3263 /* BlorbResource.m */; };
		6338E0A9180AB53B005A3263 /* DebugController.m in Sources */ = {isa = PBXBuildFile; fileRef = 6338E057180AB53B005A3263 /* DebugController.m */; };
		6338E0AA180AB53B005A3263 /* DebugInfo.m in Sources */ = {isa = PBXBuildFile; fileRef = 6338E059180AB53B005A3263 /* DebugInfo.m */; };
		6338E0AB180AB53B005A3263 /* DebugInfoReader.m in Sources */ = {isa = PBXBuildFile; fileRef = 6338E05B180AB53B005A3263 /* DebugInfoReader.m */; };
		6338E0AC180AB53B005A3263 /* Abbreviations.xib in Resources */ = {isa = PBXBuildFile; fileRef = 6338E05C180AB53B005A3263 /* Abbreviations.xib */; };
		6338E0AD180AB53B005A3263 /* Debug.xib in Resources */ = {isa = PBXBuildFile; fileRef = 6338E05E180AB53B005A3263 /* Debug.xib */; };
		6338E0AF180AB53B005A3263 /* ObjectBrowser.xib in Resources */ = {isa = PBXBuildFile; fileRef = 6338E062180AB53B005A3263 /* ObjectBrowser.xib */; };
		6338E0B2180AB53B005A3263 /* GridStoryFacet.m in Sources */ = {isa = PBXBuildFile; fileRef = 6338E069180AB53B005A3263 /* GridStoryFacet.m */; };
		6338E0B3180AB53B005A3263 /* IFBibliographic.m in Sources */ = {isa = PBXBuildFile; fileRef = 6338E06B180AB53B005A3263 /* IFBibliographic.m */; };
		6338E0B4180AB53B005A3263 /* iff.c in Sources */ = {isa = PBXBuildFile; fileRef = 6338E06C180AB53B005A3263 /* iff.c */; };
		6338E0B5180AB53B005A3263 /* IFictionMetadata.m in Sources */ = {isa = PBXBuildFile; fileRef = 6338E06F180AB53B005A3263 /* IFictionMetadata.m */; };
		6338E0B6180AB53B005A3263 /* IFIdentification.m in Sources */ = {isa = PBXBuildFile; fileRef = 6338E071180AB53B005A3263 /* IFIdentification.m */; };
		6338E0B7180AB53B005A3263 /* IFStory.m in Sources */ = {isa = PBXBuildFile; fileRef = 6338E073180AB53B005A3263 /* IFStory.m */; };
		6338E0B9180AB53B005A3263 /* Library.m in Sources */ = {isa = PBXBuildFile; fileRef = 6338E077180AB53B005A3263 /* Library.m */; };
		6338E0BB180AB53B005A3263 /* LibraryEntry.m in Sources */ = {isa = PBXBuildFile; fileRef = 6338E07B180AB53B005A3263 /* LibraryEntry.m */; };
		6338E0BC180AB53B005A3263 /* ObjectBrowserController.m in Sources */ = {isa = PBXBuildFile; fileRef = 6338E07D180AB53B005A3263 /* ObjectBrowserController.m */; };
		6338E0BE180AB53B005A3263 /* Preferences.m in Sources */ = {isa = PBXBuildFile; fileRef = 6338E081180AB53B005A3263 /* Preferences.m */; };
		6338E0BF180AB53B005A3263 /* RoutineDebugRecord.m in Sources */ = {isa = PBXBuildFile; fileRef = 6338E083180AB53B005A3263 /* RoutineDebugRecord.m */; };
		6338E0C1180AB53B005A3263 /* StoryFacet.m in Sources */ = {isa = PBXBuildFile; fileRef = 6338E087180AB53B005A3263 /* StoryFacet.m */; };
		6338E0C2180AB53B005A3263 /* StoryTextView.m in Sources */ = {isa = PBXBuildFile; fileRef = 6338E089180AB53B005A3263 /* StoryTextView.m */; };
		6338E0C5180AB53B005A3263 /* ZMachine.mm in Sources */ = {isa = PBXBuildFile; fileRef = 6338E090180AB53B005A3263 /* ZMachine.mm */; };
		6338E0C6180AB53B005A3263 /* ZMDictionary.cpp in Sources */ = {isa = PBXBuildFile; fileRef = 6338E091180AB53B005A3263 /* ZMDictionary.cpp */; };
		6338E0C7180AB53B005A3263 /* ZMErrorAdapter.mm in Sources */ = {isa = PBXBuildFile; fileRef = 6338E095180AB53B005A3263 /* ZMErrorAdapter.mm */; };
		6338E0C8180AB53B005A3263 /* ZMHeader.cpp in Sources */ = {isa = PBXBuildFile; fileRef = 6338E096180AB53B005A3263 /* ZMHeader.cpp */; };
		6338E0C9180AB53B005A3263 /* ZMMemory.cpp in Sources */ = {isa = PBXBuildFile; fileRef = 6338E099180AB53B005A3263 /* ZMMemory.cpp */; };
		6338E0CA180AB53B005A3263 /* ZMObject.cpp in Sources */ = {isa = PBXBuildFile; fileRef = 6338E09B180AB53B005A3263 /* ZMObject.cpp */; };
		6338E0CB180AB53B005A3263 /* ZMProcessor.cpp in Sources */ = {isa = PBXBuildFile; fileRef = 6338E09D180AB53B005A3263 /* ZMProcessor.cpp */; };
		6338E0CC180AB53B005A3263 /* ZMStack.cpp in Sources */ = {isa = PBXBuildFile; fileRef = 6338E09F180AB53B005A3263 /* ZMStack.cpp */; };
		6338E0CD180AB53B005A3263 /* ZMStoryAdapter.mm in Sources */ = {isa = PBXBuildFile; fileRef = 6338E0A2180AB53B005A3263 /* ZMStoryAdapter.mm */; };
		6338E0CE180AB53B005A3263 /* ZMText.cpp in Sources */ = {isa = PBXBuildFile; fileRef = 6338E0A3180AB53B005A3263 /* ZMText.cpp */; };
		639A097F13322F08000E27F4 /* Cocoa.framework in Frameworks */ = {isa = PBXBuildFile; fileRef = 639A097E13322F08000E27F4 /* Cocoa.framework */; };
		639A098913322F08000E27F4 /* InfoPlist.strings in Resources */ = {isa = PBXBuildFile; fileRef = 639A098713322F08000E27F4 /* InfoPlist.strings */; };
		639A098C13322F08000E27F4 /* main.m in Sources */ = {isa = PBXBuildFile; fileRef = 639A098B13322F08000E27F4 /* main.m */; };
		639A099213322F08000E27F4 /* Story.m in Sources */ = {isa = PBXBuildFile; fileRef = 639A099113322F08000E27F4 /* Story.m */; };
		639A099F13322F08000E27F4 /* Cocoa.framework in Frameworks */ = {isa = PBXBuildFile; fileRef = 639A097E13322F08000E27F4 /* Cocoa.framework */; };
		639A09A713322F08000E27F4 /* InfoPlist.strings in Resources */ = {isa = PBXBuildFile; fileRef = 639A09A513322F08000E27F4 /* InfoPlist.strings */; };
		639A09AA13322F08000E27F4 /* YazminTests.h in Resources */ = {isa = PBXBuildFile; fileRef = 639A09A913322F08000E27F4 /* YazminTests.h */; };
		639A09AC13322F08000E27F4 /* YazminTests.m in Sources */ = {isa = PBXBuildFile; fileRef = 639A09AB13322F08000E27F4 /* YazminTests.m */; };
/* End PBXBuildFile section */

/* Begin PBXContainerItemProxy section */
		639A09A013322F08000E27F4 /* PBXContainerItemProxy */ = {
			isa = PBXContainerItemProxy;
			containerPortal = 639A097113322F07000E27F4 /* Project object */;
			proxyType = 1;
			remoteGlobalIDString = 639A097913322F08000E27F4;
			remoteInfo = Yazmin;
		};
/* End PBXContainerItemProxy section */

/* Begin PBXFileReference section */
		03102FAB22A79B85004B280B /* ZMQuetzal.cpp */ = {isa = PBXFileReference; lastKnownFileType = sourcecode.cpp.cpp; path = ZMQuetzal.cpp; sourceTree = "<group>"; };
		03102FAC22A79B85004B280B /* ZMQuetzal.h */ = {isa = PBXFileReference; lastKnownFileType = sourcecode.c.h; path = ZMQuetzal.h; sourceTree = "<group>"; };
		0310D4D5229341AC004F67F5 /* GridStoryFacetTest.m */ = {isa = PBXFileReference; lastKnownFileType = sourcecode.c.objc; path = GridStoryFacetTest.m; sourceTree = "<group>"; };
		0316CF8022AAEFF600C882C5 /* ZMStackTests.mm */ = {isa = PBXFileReference; lastKnownFileType = sourcecode.cpp.objcpp; path = ZMStackTests.mm; sourceTree = "<group>"; };
		0316CF8222AAF02200C882C5 /* ZMQuetzalTests.mm */ = {isa = PBXFileReference; lastKnownFileType = sourcecode.cpp.objcpp; path = ZMQuetzalTests.mm; sourceTree = "<group>"; };
		0316CFCC22B07A4A00C882C5 /* ZMTextTests.mm */ = {isa = PBXFileReference; lastKnownFileType = sourcecode.cpp.objcpp; path = ZMTextTests.mm; sourceTree = "<group>"; };
		03217B07228E2ADE006DC380 /* Base */ = {isa = PBXFileReference; lastKnownFileType = file.xib; name = Base; path = Base.lproj/Abbreviations.xib; sourceTree = "<group>"; };
		03217B08228E2ADE006DC380 /* Base */ = {isa = PBXFileReference; lastKnownFileType = file.xib; name = Base; path = Base.lproj/Debug.xib; sourceTree = "<group>"; };
		03217B0A228E2ADE006DC380 /* Base */ = {isa = PBXFileReference; lastKnownFileType = file.xib; name = Base; path = Base.lproj/ObjectBrowser.xib; sourceTree = "<group>"; };
		0332A81122D7AFA300B3996D /* VersionFormatter.h */ = {isa = PBXFileReference; lastKnownFileType = sourcecode.c.h; path = VersionFormatter.h; sourceTree = "<group>"; };
		0332A81222D7AFA300B3996D /* VersionFormatter.m */ = {isa = PBXFileReference; lastKnownFileType = sourcecode.c.objc; path = VersionFormatter.m; sourceTree = "<group>"; };
		0332A81422D92C4800B3996D /* GeneralPreferencesViewController.h */ = {isa = PBXFileReference; lastKnownFileType = sourcecode.c.h; path = GeneralPreferencesViewController.h; sourceTree = "<group>"; };
		0332A81522D92C4800B3996D /* GeneralPreferencesViewController.m */ = {isa = PBXFileReference; lastKnownFileType = sourcecode.c.objc; path = GeneralPreferencesViewController.m; sourceTree = "<group>"; };
		0366C80B210016BB003EEEB6 /* Images.xcassets */ = {isa = PBXFileReference; lastKnownFileType = folder.assetcatalog; path = Images.xcassets; sourceTree = "<group>"; };
		0366C80D21002FAC003EEEB6 /* README.md */ = {isa = PBXFileReference; fileEncoding = 4; lastKnownFileType = net.daringfireball.markdown; path = README.md; sourceTree = "<group>"; };
		037F044722CE949F008AD5A5 /* babel.ifiction */ = {isa = PBXFileReference; fileEncoding = 4; lastKnownFileType = text.xml; path = babel.ifiction; sourceTree = "<group>"; };
		038980FD22960792004EDC55 /* Carbon.framework */ = {isa = PBXFileReference; lastKnownFileType = wrapper.framework; name = Carbon.framework; path = System/Library/Frameworks/Carbon.framework; sourceTree = SDKROOT; };
		03898112229CAB5F004EDC55 /* StoryDocumentController.h */ = {isa = PBXFileReference; lastKnownFileType = sourcecode.c.h; path = StoryDocumentController.h; sourceTree = "<group>"; };
		03898113229CAB5F004EDC55 /* StoryDocumentController.m */ = {isa = PBXFileReference; lastKnownFileType = sourcecode.c.objc; path = StoryDocumentController.m; sourceTree = "<group>"; };
		0393ED6F22D6C2F00071A23B /* InterpreterPreferencesViewController.h */ = {isa = PBXFileReference; lastKnownFileType = sourcecode.c.h; path = InterpreterPreferencesViewController.h; sourceTree = "<group>"; };
		0393ED7022D6C2F00071A23B /* InterpreterPreferencesViewController.m */ = {isa = PBXFileReference; lastKnownFileType = sourcecode.c.objc; path = InterpreterPreferencesViewController.m; sourceTree = "<group>"; };
		03BB3DEA22A34DE30075CB3B /* ZMHeaderTests.mm */ = {isa = PBXFileReference; lastKnownFileType = sourcecode.cpp.objcpp; path = ZMHeaderTests.mm; sourceTree = "<group>"; };
		03D6A1CB22DE4B2300B16F09 /* StoryViewController.h */ = {isa = PBXFileReference; lastKnownFileType = sourcecode.c.h; path = StoryViewController.h; sourceTree = "<group>"; };
		03D6A1CC22DE4B2300B16F09 /* StoryViewController.m */ = {isa = PBXFileReference; lastKnownFileType = sourcecode.c.objc; path = StoryViewController.m; sourceTree = "<group>"; };
		03D6A1D222DE4D3900B16F09 /* StoryWindowController.h */ = {isa = PBXFileReference; lastKnownFileType = sourcecode.c.h; path = StoryWindowController.h; sourceTree = "<group>"; };
		03D6A1D322DE4D3900B16F09 /* StoryWindowController.m */ = {isa = PBXFileReference; lastKnownFileType = sourcecode.c.objc; path = StoryWindowController.m; sourceTree = "<group>"; };
		03D6A1D622DE8B1900B16F09 /* Base */ = {isa = PBXFileReference; lastKnownFileType = file.storyboard; name = Base; path = Base.lproj/Main.storyboard; sourceTree = "<group>"; };
		03D6A1D822DE9B1700B16F09 /* InformationWindowController.h */ = {isa = PBXFileReference; lastKnownFileType = sourcecode.c.h; path = InformationWindowController.h; sourceTree = "<group>"; };
		03D6A1D922DE9B1700B16F09 /* InformationWindowController.m */ = {isa = PBXFileReference; lastKnownFileType = sourcecode.c.objc; path = InformationWindowController.m; sourceTree = "<group>"; };
		03DC648A22D9B28C006EE03C /* LibraryViewController.h */ = {isa = PBXFileReference; lastKnownFileType = sourcecode.c.h; path = LibraryViewController.h; sourceTree = "<group>"; };
		03DC648B22D9B28C006EE03C /* LibraryViewController.m */ = {isa = PBXFileReference; lastKnownFileType = sourcecode.c.objc; path = LibraryViewController.m; sourceTree = "<group>"; };
		03DC649122DAF995006EE03C /* InformationViewController.h */ = {isa = PBXFileReference; lastKnownFileType = sourcecode.c.h; path = InformationViewController.h; sourceTree = "<group>"; };
		03DC649222DAF995006EE03C /* InformationViewController.m */ = {isa = PBXFileReference; lastKnownFileType = sourcecode.c.objc; path = InformationViewController.m; sourceTree = "<group>"; };
		03F4DDF922EC1CB70099EE64 /* Yazmin.entitlements */ = {isa = PBXFileReference; lastKnownFileType = text.plist.entitlements; path = Yazmin.entitlements; sourceTree = "<group>"; };
		03F4DE2922EF75960099EE64 /* LibraryWindowController.h */ = {isa = PBXFileReference; lastKnownFileType = sourcecode.c.h; path = LibraryWindowController.h; sourceTree = "<group>"; };
		03F4DE2A22EF75960099EE64 /* LibraryWindowController.m */ = {isa = PBXFileReference; lastKnownFileType = sourcecode.c.objc; path = LibraryWindowController.m; sourceTree = "<group>"; };
		6338E04E180AB53B005A3263 /* AbbreviationsController.h */ = {isa = PBXFileReference; fileEncoding = 4; lastKnownFileType = sourcecode.c.h; path = AbbreviationsController.h; sourceTree = "<group>"; };
		6338E04F180AB53B005A3263 /* AbbreviationsController.m */ = {isa = PBXFileReference; fileEncoding = 4; lastKnownFileType = sourcecode.c.objc; path = AbbreviationsController.m; sourceTree = "<group>"; };
		6338E050180AB53B005A3263 /* AppController.h */ = {isa = PBXFileReference; fileEncoding = 4; lastKnownFileType = sourcecode.c.h; path = AppController.h; sourceTree = "<group>"; };
		6338E051180AB53B005A3263 /* AppController.m */ = {isa = PBXFileReference; fileEncoding = 4; lastKnownFileType = sourcecode.c.objc; path = AppController.m; sourceTree = "<group>"; };
		6338E052180AB53B005A3263 /* Blorb.h */ = {isa = PBXFileReference; fileEncoding = 4; lastKnownFileType = sourcecode.c.h; path = Blorb.h; sourceTree = "<group>"; };
		6338E053180AB53B005A3263 /* Blorb.m */ = {isa = PBXFileReference; fileEncoding = 4; lastKnownFileType = sourcecode.c.objc; path = Blorb.m; sourceTree = "<group>"; };
		6338E054180AB53B005A3263 /* BlorbResource.h */ = {isa = PBXFileReference; fileEncoding = 4; lastKnownFileType = sourcecode.c.h; path = BlorbResource.h; sourceTree = "<group>"; };
		6338E055180AB53B005A3263 /* BlorbResource.m */ = {isa = PBXFileReference; fileEncoding = 4; lastKnownFileType = sourcecode.c.objc; path = BlorbResource.m; sourceTree = "<group>"; };
		6338E056180AB53B005A3263 /* DebugController.h */ = {isa = PBXFileReference; fileEncoding = 4; lastKnownFileType = sourcecode.c.h; path = DebugController.h; sourceTree = "<group>"; };
		6338E057180AB53B005A3263 /* DebugController.m */ = {isa = PBXFileReference; fileEncoding = 4; lastKnownFileType = sourcecode.c.objc; path = DebugController.m; sourceTree = "<group>"; };
		6338E058180AB53B005A3263 /* DebugInfo.h */ = {isa = PBXFileReference; fileEncoding = 4; lastKnownFileType = sourcecode.c.h; path = DebugInfo.h; sourceTree = "<group>"; };
		6338E059180AB53B005A3263 /* DebugInfo.m */ = {isa = PBXFileReference; fileEncoding = 4; lastKnownFileType = sourcecode.c.objc; path = DebugInfo.m; sourceTree = "<group>"; };
		6338E05A180AB53B005A3263 /* DebugInfoReader.h */ = {isa = PBXFileReference; fileEncoding = 4; lastKnownFileType = sourcecode.c.h; path = DebugInfoReader.h; sourceTree = "<group>"; };
		6338E05B180AB53B005A3263 /* DebugInfoReader.m */ = {isa = PBXFileReference; fileEncoding = 4; lastKnownFileType = sourcecode.c.objc; path = DebugInfoReader.m; sourceTree = "<group>"; };
		6338E068180AB53B005A3263 /* GridStoryFacet.h */ = {isa = PBXFileReference; fileEncoding = 4; lastKnownFileType = sourcecode.c.h; path = GridStoryFacet.h; sourceTree = "<group>"; };
		6338E069180AB53B005A3263 /* GridStoryFacet.m */ = {isa = PBXFileReference; fileEncoding = 4; lastKnownFileType = sourcecode.c.objc; path = GridStoryFacet.m; sourceTree = "<group>"; };
		6338E06A180AB53B005A3263 /* IFBibliographic.h */ = {isa = PBXFileReference; fileEncoding = 4; lastKnownFileType = sourcecode.c.h; path = IFBibliographic.h; sourceTree = "<group>"; };
		6338E06B180AB53B005A3263 /* IFBibliographic.m */ = {isa = PBXFileReference; fileEncoding = 4; lastKnownFileType = sourcecode.c.objc; path = IFBibliographic.m; sourceTree = "<group>"; };
		6338E06C180AB53B005A3263 /* iff.c */ = {isa = PBXFileReference; fileEncoding = 4; lastKnownFileType = sourcecode.c.c; path = iff.c; sourceTree = "<group>"; };
		6338E06D180AB53B005A3263 /* iff.h */ = {isa = PBXFileReference; fileEncoding = 4; lastKnownFileType = sourcecode.c.h; path = iff.h; sourceTree = "<group>"; };
		6338E06E180AB53B005A3263 /* IFictionMetadata.h */ = {isa = PBXFileReference; fileEncoding = 4; lastKnownFileType = sourcecode.c.h; path = IFictionMetadata.h; sourceTree = "<group>"; };
		6338E06F180AB53B005A3263 /* IFictionMetadata.m */ = {isa = PBXFileReference; fileEncoding = 4; lastKnownFileType = sourcecode.c.objc; path = IFictionMetadata.m; sourceTree = "<group>"; };
		6338E070180AB53B005A3263 /* IFIdentification.h */ = {isa = PBXFileReference; fileEncoding = 4; lastKnownFileType = sourcecode.c.h; path = IFIdentification.h; sourceTree = "<group>"; };
		6338E071180AB53B005A3263 /* IFIdentification.m */ = {isa = PBXFileReference; fileEncoding = 4; lastKnownFileType = sourcecode.c.objc; path = IFIdentification.m; sourceTree = "<group>"; };
		6338E072180AB53B005A3263 /* IFStory.h */ = {isa = PBXFileReference; fileEncoding = 4; lastKnownFileType = sourcecode.c.h; path = IFStory.h; sourceTree = "<group>"; };
		6338E073180AB53B005A3263 /* IFStory.m */ = {isa = PBXFileReference; fileEncoding = 4; lastKnownFileType = sourcecode.c.objc; path = IFStory.m; sourceTree = "<group>"; };
		6338E076180AB53B005A3263 /* Library.h */ = {isa = PBXFileReference; fileEncoding = 4; lastKnownFileType = sourcecode.c.h; path = Library.h; sourceTree = "<group>"; };
		6338E077180AB53B005A3263 /* Library.m */ = {isa = PBXFileReference; fileEncoding = 4; lastKnownFileType = sourcecode.c.objc; path = Library.m; sourceTree = "<group>"; };
		6338E07A180AB53B005A3263 /* LibraryEntry.h */ = {isa = PBXFileReference; fileEncoding = 4; lastKnownFileType = sourcecode.c.h; path = LibraryEntry.h; sourceTree = "<group>"; };
		6338E07B180AB53B005A3263 /* LibraryEntry.m */ = {isa = PBXFileReference; fileEncoding = 4; lastKnownFileType = sourcecode.c.objc; path = LibraryEntry.m; sourceTree = "<group>"; };
		6338E07C180AB53B005A3263 /* ObjectBrowserController.h */ = {isa = PBXFileReference; fileEncoding = 4; lastKnownFileType = sourcecode.c.h; path = ObjectBrowserController.h; sourceTree = "<group>"; };
		6338E07D180AB53B005A3263 /* ObjectBrowserController.m */ = {isa = PBXFileReference; fileEncoding = 4; lastKnownFileType = sourcecode.c.objc; path = ObjectBrowserController.m; sourceTree = "<group>"; };
		6338E080180AB53B005A3263 /* Preferences.h */ = {isa = PBXFileReference; fileEncoding = 4; lastKnownFileType = sourcecode.c.h; path = Preferences.h; sourceTree = "<group>"; };
		6338E081180AB53B005A3263 /* Preferences.m */ = {isa = PBXFileReference; fileEncoding = 4; lastKnownFileType = sourcecode.c.objc; path = Preferences.m; sourceTree = "<group>"; };
		6338E082180AB53B005A3263 /* RoutineDebugRecord.h */ = {isa = PBXFileReference; fileEncoding = 4; lastKnownFileType = sourcecode.c.h; path = RoutineDebugRecord.h; sourceTree = "<group>"; };
		6338E083180AB53B005A3263 /* RoutineDebugRecord.m */ = {isa = PBXFileReference; fileEncoding = 4; lastKnownFileType = sourcecode.c.objc; path = RoutineDebugRecord.m; sourceTree = "<group>"; };
		6338E086180AB53B005A3263 /* StoryFacet.h */ = {isa = PBXFileReference; fileEncoding = 4; lastKnownFileType = sourcecode.c.h; path = StoryFacet.h; sourceTree = "<group>"; };
		6338E087180AB53B005A3263 /* StoryFacet.m */ = {isa = PBXFileReference; fileEncoding = 4; lastKnownFileType = sourcecode.c.objc; path = StoryFacet.m; sourceTree = "<group>"; };
		6338E088180AB53B005A3263 /* StoryTextView.h */ = {isa = PBXFileReference; fileEncoding = 4; lastKnownFileType = sourcecode.c.h; path = StoryTextView.h; sourceTree = "<group>"; };
		6338E089180AB53B005A3263 /* StoryTextView.m */ = {isa = PBXFileReference; fileEncoding = 4; lastKnownFileType = sourcecode.c.objc; path = StoryTextView.m; sourceTree = "<group>"; };
		6338E08C180AB53B005A3263 /* StoryInput.h */ = {isa = PBXFileReference; fileEncoding = 4; lastKnownFileType = sourcecode.c.h; path = StoryInput.h; sourceTree = "<group>"; };
		6338E08F180AB53B005A3263 /* ZMachine.h */ = {isa = PBXFileReference; fileEncoding = 4; lastKnownFileType = sourcecode.c.h; path = ZMachine.h; sourceTree = "<group>"; };
		6338E090180AB53B005A3263 /* ZMachine.mm */ = {isa = PBXFileReference; fileEncoding = 4; lastKnownFileType = sourcecode.cpp.objcpp; path = ZMachine.mm; sourceTree = "<group>"; };
		6338E091180AB53B005A3263 /* ZMDictionary.cpp */ = {isa = PBXFileReference; fileEncoding = 4; lastKnownFileType = sourcecode.cpp.cpp; path = ZMDictionary.cpp; sourceTree = "<group>"; };
		6338E092180AB53B005A3263 /* ZMDictionary.h */ = {isa = PBXFileReference; fileEncoding = 4; lastKnownFileType = sourcecode.c.h; path = ZMDictionary.h; sourceTree = "<group>"; };
		6338E093180AB53B005A3263 /* ZMError.h */ = {isa = PBXFileReference; fileEncoding = 4; lastKnownFileType = sourcecode.c.h; path = ZMError.h; sourceTree = "<group>"; };
		6338E094180AB53B005A3263 /* ZMErrorAdapter.h */ = {isa = PBXFileReference; fileEncoding = 4; lastKnownFileType = sourcecode.c.h; path = ZMErrorAdapter.h; sourceTree = "<group>"; };
		6338E095180AB53B005A3263 /* ZMErrorAdapter.mm */ = {isa = PBXFileReference; fileEncoding = 4; lastKnownFileType = sourcecode.cpp.objcpp; path = ZMErrorAdapter.mm; sourceTree = "<group>"; };
		6338E096180AB53B005A3263 /* ZMHeader.cpp */ = {isa = PBXFileReference; fileEncoding = 4; lastKnownFileType = sourcecode.cpp.cpp; path = ZMHeader.cpp; sourceTree = "<group>"; };
		6338E097180AB53B005A3263 /* ZMHeader.h */ = {isa = PBXFileReference; fileEncoding = 4; lastKnownFileType = sourcecode.c.h; path = ZMHeader.h; sourceTree = "<group>"; };
		6338E098180AB53B005A3263 /* ZMIO.h */ = {isa = PBXFileReference; fileEncoding = 4; lastKnownFileType = sourcecode.c.h; path = ZMIO.h; sourceTree = "<group>"; };
		6338E099180AB53B005A3263 /* ZMMemory.cpp */ = {isa = PBXFileReference; fileEncoding = 4; lastKnownFileType = sourcecode.cpp.cpp; path = ZMMemory.cpp; sourceTree = "<group>"; };
		6338E09A180AB53B005A3263 /* ZMMemory.h */ = {isa = PBXFileReference; fileEncoding = 4; lastKnownFileType = sourcecode.c.h; path = ZMMemory.h; sourceTree = "<group>"; };
		6338E09B180AB53B005A3263 /* ZMObject.cpp */ = {isa = PBXFileReference; fileEncoding = 4; lastKnownFileType = sourcecode.cpp.cpp; path = ZMObject.cpp; sourceTree = "<group>"; };
		6338E09C180AB53B005A3263 /* ZMObject.h */ = {isa = PBXFileReference; fileEncoding = 4; lastKnownFileType = sourcecode.c.h; path = ZMObject.h; sourceTree = "<group>"; };
		6338E09D180AB53B005A3263 /* ZMProcessor.cpp */ = {isa = PBXFileReference; fileEncoding = 4; lastKnownFileType = sourcecode.cpp.cpp; path = ZMProcessor.cpp; sourceTree = "<group>"; };
		6338E09E180AB53B005A3263 /* ZMProcessor.h */ = {isa = PBXFileReference; fileEncoding = 4; lastKnownFileType = sourcecode.c.h; path = ZMProcessor.h; sourceTree = "<group>"; };
		6338E09F180AB53B005A3263 /* ZMStack.cpp */ = {isa = PBXFileReference; fileEncoding = 4; lastKnownFileType = sourcecode.cpp.cpp; path = ZMStack.cpp; sourceTree = "<group>"; };
		6338E0A0180AB53B005A3263 /* ZMStack.h */ = {isa = PBXFileReference; fileEncoding = 4; lastKnownFileType = sourcecode.c.h; path = ZMStack.h; sourceTree = "<group>"; };
		6338E0A1180AB53B005A3263 /* ZMStoryAdapter.h */ = {isa = PBXFileReference; fileEncoding = 4; lastKnownFileType = sourcecode.c.h; path = ZMStoryAdapter.h; sourceTree = "<group>"; };
		6338E0A2180AB53B005A3263 /* ZMStoryAdapter.mm */ = {isa = PBXFileReference; fileEncoding = 4; lastKnownFileType = sourcecode.cpp.objcpp; path = ZMStoryAdapter.mm; sourceTree = "<group>"; };
		6338E0A3180AB53B005A3263 /* ZMText.cpp */ = {isa = PBXFileReference; fileEncoding = 4; lastKnownFileType = sourcecode.cpp.cpp; path = ZMText.cpp; sourceTree = "<group>"; };
		6338E0A4180AB53B005A3263 /* ZMText.h */ = {isa = PBXFileReference; fileEncoding = 4; lastKnownFileType = sourcecode.c.h; path = ZMText.h; sourceTree = "<group>"; };
		639A097A13322F08000E27F4 /* Yazmin.app */ = {isa = PBXFileReference; explicitFileType = wrapper.application; includeInIndex = 0; path = Yazmin.app; sourceTree = BUILT_PRODUCTS_DIR; };
		639A097E13322F08000E27F4 /* Cocoa.framework */ = {isa = PBXFileReference; lastKnownFileType = wrapper.framework; name = Cocoa.framework; path = System/Library/Frameworks/Cocoa.framework; sourceTree = SDKROOT; };
		639A098613322F08000E27F4 /* Yazmin-Info.plist */ = {isa = PBXFileReference; lastKnownFileType = text.plist.xml; path = "Yazmin-Info.plist"; sourceTree = "<group>"; };
		639A098813322F08000E27F4 /* en */ = {isa = PBXFileReference; lastKnownFileType = text.plist.strings; name = en; path = en.lproj/InfoPlist.strings; sourceTree = "<group>"; };
		639A098A13322F08000E27F4 /* Yazmin-Prefix.pch */ = {isa = PBXFileReference; lastKnownFileType = sourcecode.c.h; path = "Yazmin-Prefix.pch"; sourceTree = "<group>"; };
		639A098B13322F08000E27F4 /* main.m */ = {isa = PBXFileReference; lastKnownFileType = sourcecode.c.objc; path = main.m; sourceTree = "<group>"; };
		639A099013322F08000E27F4 /* Story.h */ = {isa = PBXFileReference; lastKnownFileType = sourcecode.c.h; path = Story.h; sourceTree = "<group>"; };
		639A099113322F08000E27F4 /* Story.m */ = {isa = PBXFileReference; lastKnownFileType = sourcecode.c.objc; path = Story.m; sourceTree = "<group>"; };
		639A099E13322F08000E27F4 /* YazminTests.xctest */ = {isa = PBXFileReference; explicitFileType = wrapper.cfbundle; includeInIndex = 0; path = YazminTests.xctest; sourceTree = BUILT_PRODUCTS_DIR; };
		639A09A413322F08000E27F4 /* YazminTests-Info.plist */ = {isa = PBXFileReference; lastKnownFileType = text.plist.xml; path = "YazminTests-Info.plist"; sourceTree = "<group>"; };
		639A09A613322F08000E27F4 /* en */ = {isa = PBXFileReference; lastKnownFileType = text.plist.strings; name = en; path = en.lproj/InfoPlist.strings; sourceTree = "<group>"; };
		639A09A813322F08000E27F4 /* YazminTests-Prefix.pch */ = {isa = PBXFileReference; lastKnownFileType = sourcecode.c.h; path = "YazminTests-Prefix.pch"; sourceTree = "<group>"; };
		639A09A913322F08000E27F4 /* YazminTests.h */ = {isa = PBXFileReference; lastKnownFileType = sourcecode.c.h; path = YazminTests.h; sourceTree = "<group>"; };
		639A09AB13322F08000E27F4 /* YazminTests.m */ = {isa = PBXFileReference; lastKnownFileType = sourcecode.c.objc; path = YazminTests.m; sourceTree = "<group>"; };
/* End PBXFileReference section */

/* Begin PBXFrameworksBuildPhase section */
		639A097713322F08000E27F4 /* Frameworks */ = {
			isa = PBXFrameworksBuildPhase;
			buildActionMask = 2147483647;
			files = (
				639A097F13322F08000E27F4 /* Cocoa.framework in Frameworks */,
				038980FE22960792004EDC55 /* Carbon.framework in Frameworks */,
			);
			runOnlyForDeploymentPostprocessing = 0;
		};
		639A099A13322F08000E27F4 /* Frameworks */ = {
			isa = PBXFrameworksBuildPhase;
			buildActionMask = 2147483647;
			files = (
				639A099F13322F08000E27F4 /* Cocoa.framework in Frameworks */,
			);
			runOnlyForDeploymentPostprocessing = 0;
		};
/* End PBXFrameworksBuildPhase section */

/* Begin PBXGroup section */
		037F044622CE920B008AD5A5 /* Treaty of Babel */ = {
			isa = PBXGroup;
			children = (
				6338E06E180AB53B005A3263 /* IFictionMetadata.h */,
				6338E06F180AB53B005A3263 /* IFictionMetadata.m */,
				6338E072180AB53B005A3263 /* IFStory.h */,
				6338E073180AB53B005A3263 /* IFStory.m */,
				6338E070180AB53B005A3263 /* IFIdentification.h */,
				6338E071180AB53B005A3263 /* IFIdentification.m */,
				6338E06A180AB53B005A3263 /* IFBibliographic.h */,
				6338E06B180AB53B005A3263 /* IFBibliographic.m */,
				037F044722CE949F008AD5A5 /* babel.ifiction */,
			);
			name = "Treaty of Babel";
			sourceTree = "<group>";
		};
		037F045722D6B3C5008AD5A5 /* Resources */ = {
			isa = PBXGroup;
			children = (
				6338E05C180AB53B005A3263 /* Abbreviations.xib */,
				6338E05E180AB53B005A3263 /* Debug.xib */,
				6338E062180AB53B005A3263 /* ObjectBrowser.xib */,
				0366C80B210016BB003EEEB6 /* Images.xcassets */,
				03D6A1D722DE8B1900B16F09 /* Main.storyboard */,
			);
			name = Resources;
			sourceTree = "<group>";
		};
		0393ED6E22D6C2650071A23B /* Preferences */ = {
			isa = PBXGroup;
			children = (
				6338E080180AB53B005A3263 /* Preferences.h */,
				6338E081180AB53B005A3263 /* Preferences.m */,
				0332A81422D92C4800B3996D /* GeneralPreferencesViewController.h */,
				0332A81522D92C4800B3996D /* GeneralPreferencesViewController.m */,
				0393ED6F22D6C2F00071A23B /* InterpreterPreferencesViewController.h */,
				0393ED7022D6C2F00071A23B /* InterpreterPreferencesViewController.m */,
				0332A81122D7AFA300B3996D /* VersionFormatter.h */,
				0332A81222D7AFA300B3996D /* VersionFormatter.m */,
			);
			name = Preferences;
			sourceTree = "<group>";
		};
		03D6A1CA22DE49C300B16F09 /* Debugger */ = {
			isa = PBXGroup;
			children = (
				6338E04E180AB53B005A3263 /* AbbreviationsController.h */,
				6338E04F180AB53B005A3263 /* AbbreviationsController.m */,
				6338E056180AB53B005A3263 /* DebugController.h */,
				6338E057180AB53B005A3263 /* DebugController.m */,
				6338E058180AB53B005A3263 /* DebugInfo.h */,
				6338E059180AB53B005A3263 /* DebugInfo.m */,
				6338E05A180AB53B005A3263 /* DebugInfoReader.h */,
				6338E05B180AB53B005A3263 /* DebugInfoReader.m */,
				6338E07C180AB53B005A3263 /* ObjectBrowserController.h */,
				6338E07D180AB53B005A3263 /* ObjectBrowserController.m */,
				6338E082180AB53B005A3263 /* RoutineDebugRecord.h */,
				6338E083180AB53B005A3263 /* RoutineDebugRecord.m */,
			);
			name = Debugger;
			sourceTree = "<group>";
		};
		03DC648922D9B1F1006EE03C /* Library */ = {
			isa = PBXGroup;
			children = (
				6338E076180AB53B005A3263 /* Library.h */,
				6338E077180AB53B005A3263 /* Library.m */,
				6338E07A180AB53B005A3263 /* LibraryEntry.h */,
				6338E07B180AB53B005A3263 /* LibraryEntry.m */,
				03DC648A22D9B28C006EE03C /* LibraryViewController.h */,
				03DC648B22D9B28C006EE03C /* LibraryViewController.m */,
				03F4DE2922EF75960099EE64 /* LibraryWindowController.h */,
				03F4DE2A22EF75960099EE64 /* LibraryWindowController.m */,
				03DC649122DAF995006EE03C /* InformationViewController.h */,
				03DC649222DAF995006EE03C /* InformationViewController.m */,
				03D6A1D822DE9B1700B16F09 /* InformationWindowController.h */,
				03D6A1D922DE9B1700B16F09 /* InformationWindowController.m */,
			);
			name = Library;
			sourceTree = "<group>";
		};
		03DC649422DB0B61006EE03C /* Blorb */ = {
			isa = PBXGroup;
			children = (
				6338E052180AB53B005A3263 /* Blorb.h */,
				6338E053180AB53B005A3263 /* Blorb.m */,
				6338E054180AB53B005A3263 /* BlorbResource.h */,
				6338E055180AB53B005A3263 /* BlorbResource.m */,
			);
			name = Blorb;
			sourceTree = "<group>";
		};
		6338E04D180AB4B4005A3263 /* Z-machine */ = {
			isa = PBXGroup;
			children = (
				6338E08F180AB53B005A3263 /* ZMachine.h */,
				6338E090180AB53B005A3263 /* ZMachine.mm */,
				6338E091180AB53B005A3263 /* ZMDictionary.cpp */,
				6338E092180AB53B005A3263 /* ZMDictionary.h */,
				6338E093180AB53B005A3263 /* ZMError.h */,
				6338E094180AB53B005A3263 /* ZMErrorAdapter.h */,
				6338E095180AB53B005A3263 /* ZMErrorAdapter.mm */,
				6338E096180AB53B005A3263 /* ZMHeader.cpp */,
				6338E097180AB53B005A3263 /* ZMHeader.h */,
				6338E098180AB53B005A3263 /* ZMIO.h */,
				6338E099180AB53B005A3263 /* ZMMemory.cpp */,
				6338E09A180AB53B005A3263 /* ZMMemory.h */,
				6338E09B180AB53B005A3263 /* ZMObject.cpp */,
				6338E09C180AB53B005A3263 /* ZMObject.h */,
				6338E09D180AB53B005A3263 /* ZMProcessor.cpp */,
				6338E09E180AB53B005A3263 /* ZMProcessor.h */,
				6338E09F180AB53B005A3263 /* ZMStack.cpp */,
				6338E0A0180AB53B005A3263 /* ZMStack.h */,
				6338E0A1180AB53B005A3263 /* ZMStoryAdapter.h */,
				6338E0A2180AB53B005A3263 /* ZMStoryAdapter.mm */,
				6338E0A3180AB53B005A3263 /* ZMText.cpp */,
				6338E0A4180AB53B005A3263 /* ZMText.h */,
				03102FAB22A79B85004B280B /* ZMQuetzal.cpp */,
				03102FAC22A79B85004B280B /* ZMQuetzal.h */,
				6338E06C180AB53B005A3263 /* iff.c */,
				6338E06D180AB53B005A3263 /* iff.h */,
			);
			name = "Z-machine";
			sourceTree = "<group>";
		};
		639A096F13322F07000E27F4 = {
			isa = PBXGroup;
			children = (
				0366C80D21002FAC003EEEB6 /* README.md */,
				639A098413322F08000E27F4 /* Yazmin */,
				639A09A213322F08000E27F4 /* YazminTests */,
				639A097D13322F08000E27F4 /* Frameworks */,
				639A097B13322F08000E27F4 /* Products */,
			);
			indentWidth = 2;
			sourceTree = "<group>";
			tabWidth = 2;
		};
		639A097B13322F08000E27F4 /* Products */ = {
			isa = PBXGroup;
			children = (
				639A097A13322F08000E27F4 /* Yazmin.app */,
				639A099E13322F08000E27F4 /* YazminTests.xctest */,
			);
			name = Products;
			sourceTree = "<group>";
		};
		639A097D13322F08000E27F4 /* Frameworks */ = {
			isa = PBXGroup;
			children = (
				038980FD22960792004EDC55 /* Carbon.framework */,
				639A097E13322F08000E27F4 /* Cocoa.framework */,
			);
			name = Frameworks;
			sourceTree = "<group>";
		};
		639A098413322F08000E27F4 /* Yazmin */ = {
			isa = PBXGroup;
			children = (
				037F044622CE920B008AD5A5 /* Treaty of Babel */,
				03DC649422DB0B61006EE03C /* Blorb */,
				6338E050180AB53B005A3263 /* AppController.h */,
				6338E051180AB53B005A3263 /* AppController.m */,
				03D6A1CA22DE49C300B16F09 /* Debugger */,
				03DC648922D9B1F1006EE03C /* Library */,
				639A099013322F08000E27F4 /* Story.h */,
				639A099113322F08000E27F4 /* Story.m */,
				03898112229CAB5F004EDC55 /* StoryDocumentController.h */,
				03898113229CAB5F004EDC55 /* StoryDocumentController.m */,
				03D6A1D222DE4D3900B16F09 /* StoryWindowController.h */,
				03D6A1D322DE4D3900B16F09 /* StoryWindowController.m */,
				03D6A1CB22DE4B2300B16F09 /* StoryViewController.h */,
				03D6A1CC22DE4B2300B16F09 /* StoryViewController.m */,
				6338E086180AB53B005A3263 /* StoryFacet.h */,
				6338E087180AB53B005A3263 /* StoryFacet.m */,
				6338E068180AB53B005A3263 /* GridStoryFacet.h */,
				6338E069180AB53B005A3263 /* GridStoryFacet.m */,
				6338E088180AB53B005A3263 /* StoryTextView.h */,
				6338E089180AB53B005A3263 /* StoryTextView.m */,
				6338E08C180AB53B005A3263 /* StoryInput.h */,
				6338E04D180AB4B4005A3263 /* Z-machine */,
				0393ED6E22D6C2650071A23B /* Preferences */,
				037F045722D6B3C5008AD5A5 /* Resources */,
				639A098513322F08000E27F4 /* Supporting Files */,
			);
			path = Yazmin;
			sourceTree = "<group>";
		};
		639A098513322F08000E27F4 /* Supporting Files */ = {
			isa = PBXGroup;
			children = (
				03F4DDF922EC1CB70099EE64 /* Yazmin.entitlements */,
				639A098613322F08000E27F4 /* Yazmin-Info.plist */,
				639A098713322F08000E27F4 /* InfoPlist.strings */,
				639A098A13322F08000E27F4 /* Yazmin-Prefix.pch */,
				639A098B13322F08000E27F4 /* main.m */,
			);
			name = "Supporting Files";
			sourceTree = "<group>";
		};
		639A09A213322F08000E27F4 /* YazminTests */ = {
			isa = PBXGroup;
			children = (
				639A09A913322F08000E27F4 /* YazminTests.h */,
				639A09AB13322F08000E27F4 /* YazminTests.m */,
				0310D4D5229341AC004F67F5 /* GridStoryFacetTest.m */,
				03BB3DEA22A34DE30075CB3B /* ZMHeaderTests.mm */,
				0316CF8022AAEFF600C882C5 /* ZMStackTests.mm */,
				0316CF8222AAF02200C882C5 /* ZMQuetzalTests.mm */,
				0316CFCC22B07A4A00C882C5 /* ZMTextTests.mm */,
				639A09A313322F08000E27F4 /* Supporting Files */,
			);
			path = YazminTests;
			sourceTree = "<group>";
		};
		639A09A313322F08000E27F4 /* Supporting Files */ = {
			isa = PBXGroup;
			children = (
				639A09A413322F08000E27F4 /* YazminTests-Info.plist */,
				639A09A513322F08000E27F4 /* InfoPlist.strings */,
				639A09A813322F08000E27F4 /* YazminTests-Prefix.pch */,
			);
			name = "Supporting Files";
			sourceTree = "<group>";
		};
/* End PBXGroup section */

/* Begin PBXNativeTarget section */
		639A097913322F08000E27F4 /* Yazmin */ = {
			isa = PBXNativeTarget;
			buildConfigurationList = 639A09AF13322F08000E27F4 /* Build configuration list for PBXNativeTarget "Yazmin" */;
			buildPhases = (
				639A097613322F08000E27F4 /* Sources */,
				639A097713322F08000E27F4 /* Frameworks */,
				639A097813322F08000E27F4 /* Resources */,
			);
			buildRules = (
			);
			dependencies = (
			);
			name = Yazmin;
			productName = Yazmin;
			productReference = 639A097A13322F08000E27F4 /* Yazmin.app */;
			productType = "com.apple.product-type.application";
		};
		639A099D13322F08000E27F4 /* YazminTests */ = {
			isa = PBXNativeTarget;
			buildConfigurationList = 639A09B213322F08000E27F4 /* Build configuration list for PBXNativeTarget "YazminTests" */;
			buildPhases = (
				639A099913322F08000E27F4 /* Sources */,
				639A099A13322F08000E27F4 /* Frameworks */,
				639A099B13322F08000E27F4 /* Resources */,
			);
			buildRules = (
			);
			dependencies = (
				639A09A113322F08000E27F4 /* PBXTargetDependency */,
			);
			name = YazminTests;
			productName = YazminTests;
			productReference = 639A099E13322F08000E27F4 /* YazminTests.xctest */;
			productType = "com.apple.product-type.bundle.unit-test";
		};
/* End PBXNativeTarget section */

/* Begin PBXProject section */
		639A097113322F07000E27F4 /* Project object */ = {
			isa = PBXProject;
			attributes = {
				LastUpgradeCheck = 1020;
				ORGANIZATIONNAME = "David Schweinsberg";
				TargetAttributes = {
					639A097913322F08000E27F4 = {
						SystemCapabilities = {
							com.apple.HardenedRuntime = {
								enabled = 1;
							};
						};
					};
				};
			};
			buildConfigurationList = 639A097413322F07000E27F4 /* Build configuration list for PBXProject "Yazmin" */;
			compatibilityVersion = "Xcode 10.0";
			developmentRegion = en;
			hasScannedForEncodings = 0;
			knownRegions = (
				en,
				Base,
			);
			mainGroup = 639A096F13322F07000E27F4;
			productRefGroup = 639A097B13322F08000E27F4 /* Products */;
			projectDirPath = "";
			projectRoot = "";
			targets = (
				639A097913322F08000E27F4 /* Yazmin */,
				639A099D13322F08000E27F4 /* YazminTests */,
			);
		};
/* End PBXProject section */

/* Begin PBXResourcesBuildPhase section */
		639A097813322F08000E27F4 /* Resources */ = {
			isa = PBXResourcesBuildPhase;
			buildActionMask = 2147483647;
			files = (
				639A098913322F08000E27F4 /* InfoPlist.strings in Resources */,
				0366C80C210016BB003EEEB6 /* Images.xcassets in Resources */,
				6338E0AC180AB53B005A3263 /* Abbreviations.xib in Resources */,
				03D6A1D522DE8B1900B16F09 /* Main.storyboard in Resources */,
				6338E0AF180AB53B005A3263 /* ObjectBrowser.xib in Resources */,
				6338E0AD180AB53B005A3263 /* Debug.xib in Resources */,
				037F044822CE94A0008AD5A5 /* babel.ifiction in Resources */,
			);
			runOnlyForDeploymentPostprocessing = 0;
		};
		639A099B13322F08000E27F4 /* Resources */ = {
			isa = PBXResourcesBuildPhase;
			buildActionMask = 2147483647;
			files = (
				639A09A713322F08000E27F4 /* InfoPlist.strings in Resources */,
				639A09AA13322F08000E27F4 /* YazminTests.h in Resources */,
			);
			runOnlyForDeploymentPostprocessing = 0;
		};
/* End PBXResourcesBuildPhase section */

/* Begin PBXSourcesBuildPhase section */
		639A097613322F08000E27F4 /* Sources */ = {
			isa = PBXSourcesBuildPhase;
			buildActionMask = 2147483647;
			files = (
				03F4DE2B22EF75960099EE64 /* LibraryWindowController.m in Sources */,
				639A098C13322F08000E27F4 /* main.m in Sources */,
				03D6A1D422DE4D3900B16F09 /* StoryWindowController.m in Sources */,
				6338E0C1180AB53B005A3263 /* StoryFacet.m in Sources */,
				6338E0C5180AB53B005A3263 /* ZMachine.mm in Sources */,
				6338E0B7180AB53B005A3263 /* IFStory.m in Sources */,
				6338E0CE180AB53B005A3263 /* ZMText.cpp in Sources */,
				0332A81622D92C4800B3996D /* GeneralPreferencesViewController.m in Sources */,
				6338E0B3180AB53B005A3263 /* IFBibliographic.m in Sources */,
				03D6A1CD22DE4B2300B16F09 /* StoryViewController.m in Sources */,
				6338E0B5180AB53B005A3263 /* IFictionMetadata.m in Sources */,
				03898114229CAB5F004EDC55 /* StoryDocumentController.m in Sources */,
				6338E0B2180AB53B005A3263 /* GridStoryFacet.m in Sources */,
				6338E0B4180AB53B005A3263 /* iff.c in Sources */,
				6338E0CC180AB53B005A3263 /* ZMStack.cpp in Sources */,
				6338E0BF180AB53B005A3263 /* RoutineDebugRecord.m in Sources */,
				6338E0C7180AB53B005A3263 /* ZMErrorAdapter.mm in Sources */,
				6338E0AA180AB53B005A3263 /* DebugInfo.m in Sources */,
				6338E0C2180AB53B005A3263 /* StoryTextView.m in Sources */,
				6338E0C8180AB53B005A3263 /* ZMHeader.cpp in Sources */,
				6338E0A8180AB53B005A3263 /* BlorbResource.m in Sources */,
				6338E0BB180AB53B005A3263 /* LibraryEntry.m in Sources */,
				03102FAD22A79B85004B280B /* ZMQuetzal.cpp in Sources */,
				03D6A1DA22DE9B1700B16F09 /* InformationWindowController.m in Sources */,
				6338E0C9180AB53B005A3263 /* ZMMemory.cpp in Sources */,
				6338E0BE180AB53B005A3263 /* Preferences.m in Sources */,
				639A099213322F08000E27F4 /* Story.m in Sources */,
				6338E0BC180AB53B005A3263 /* ObjectBrowserController.m in Sources */,
				6338E0AB180AB53B005A3263 /* DebugInfoReader.m in Sources */,
				6338E0A5180AB53B005A3263 /* AbbreviationsController.m in Sources */,
				6338E0B6180AB53B005A3263 /* IFIdentification.m in Sources */,
				6338E0CB180AB53B005A3263 /* ZMProcessor.cpp in Sources */,
				6338E0A9180AB53B005A3263 /* DebugController.m in Sources */,
				6338E0CD180AB53B005A3263 /* ZMStoryAdapter.mm in Sources */,
				03DC649322DAF995006EE03C /* InformationViewController.m in Sources */,
				6338E0CA180AB53B005A3263 /* ZMObject.cpp in Sources */,
				6338E0A6180AB53B005A3263 /* AppController.m in Sources */,
				03DC648C22D9B28C006EE03C /* LibraryViewController.m in Sources */,
				6338E0A7180AB53B005A3263 /* Blorb.m in Sources */,
				6338E0C6180AB53B005A3263 /* ZMDictionary.cpp in Sources */,
				0332A81322D7AFA300B3996D /* VersionFormatter.m in Sources */,
				0393ED7122D6C2F00071A23B /* InterpreterPreferencesViewController.m in Sources */,
				6338E0B9180AB53B005A3263 /* Library.m in Sources */,
			);
			runOnlyForDeploymentPostprocessing = 0;
		};
		639A099913322F08000E27F4 /* Sources */ = {
			isa = PBXSourcesBuildPhase;
			buildActionMask = 2147483647;
			files = (
				639A09AC13322F08000E27F4 /* YazminTests.m in Sources */,
				0316CF8122AAEFF600C882C5 /* ZMStackTests.mm in Sources */,
				03BB3DEB22A34DE30075CB3B /* ZMHeaderTests.mm in Sources */,
				0316CFCD22B07A4A00C882C5 /* ZMTextTests.mm in Sources */,
				0310D4D6229341AC004F67F5 /* GridStoryFacetTest.m in Sources */,
				0316CF8322AAF02200C882C5 /* ZMQuetzalTests.mm in Sources */,
			);
			runOnlyForDeploymentPostprocessing = 0;
		};
/* End PBXSourcesBuildPhase section */

/* Begin PBXTargetDependency section */
		639A09A113322F08000E27F4 /* PBXTargetDependency */ = {
			isa = PBXTargetDependency;
			target = 639A097913322F08000E27F4 /* Yazmin */;
			targetProxy = 639A09A013322F08000E27F4 /* PBXContainerItemProxy */;
		};
/* End PBXTargetDependency section */

/* Begin PBXVariantGroup section */
		03D6A1D722DE8B1900B16F09 /* Main.storyboard */ = {
			isa = PBXVariantGroup;
			children = (
				03D6A1D622DE8B1900B16F09 /* Base */,
			);
			name = Main.storyboard;
			sourceTree = "<group>";
		};
		6338E05C180AB53B005A3263 /* Abbreviations.xib */ = {
			isa = PBXVariantGroup;
			children = (
				03217B07228E2ADE006DC380 /* Base */,
			);
			name = Abbreviations.xib;
			sourceTree = "<group>";
		};
		6338E05E180AB53B005A3263 /* Debug.xib */ = {
			isa = PBXVariantGroup;
			children = (
				03217B08228E2ADE006DC380 /* Base */,
			);
			name = Debug.xib;
			sourceTree = "<group>";
		};
		6338E062180AB53B005A3263 /* ObjectBrowser.xib */ = {
			isa = PBXVariantGroup;
			children = (
				03217B0A228E2ADE006DC380 /* Base */,
			);
			name = ObjectBrowser.xib;
			sourceTree = "<group>";
		};
		639A098713322F08000E27F4 /* InfoPlist.strings */ = {
			isa = PBXVariantGroup;
			children = (
				639A098813322F08000E27F4 /* en */,
			);
			name = InfoPlist.strings;
			sourceTree = "<group>";
		};
		639A09A513322F08000E27F4 /* InfoPlist.strings */ = {
			isa = PBXVariantGroup;
			children = (
				639A09A613322F08000E27F4 /* en */,
			);
			name = InfoPlist.strings;
			sourceTree = "<group>";
		};
/* End PBXVariantGroup section */

/* Begin XCBuildConfiguration section */
		639A09AD13322F08000E27F4 /* Debug */ = {
			isa = XCBuildConfiguration;
			buildSettings = {
				CLANG_ANALYZER_LOCALIZABILITY_NONLOCALIZED = YES;
				CLANG_CXX_LANGUAGE_STANDARD = "c++14";
				CLANG_WARN_BLOCK_CAPTURE_AUTORELEASING = YES;
				CLANG_WARN_BOOL_CONVERSION = YES;
				CLANG_WARN_COMMA = YES;
				CLANG_WARN_CONSTANT_CONVERSION = YES;
				CLANG_WARN_CXX0X_EXTENSIONS = YES;
				CLANG_WARN_DEPRECATED_OBJC_IMPLEMENTATIONS = YES;
				CLANG_WARN_EMPTY_BODY = YES;
				CLANG_WARN_ENUM_CONVERSION = YES;
				CLANG_WARN_INFINITE_RECURSION = YES;
				CLANG_WARN_INT_CONVERSION = YES;
				CLANG_WARN_NON_LITERAL_NULL_CONVERSION = YES;
				CLANG_WARN_OBJC_EXPLICIT_OWNERSHIP_TYPE = NO;
				CLANG_WARN_OBJC_IMPLICIT_RETAIN_SELF = YES;
				CLANG_WARN_OBJC_LITERAL_CONVERSION = YES;
				CLANG_WARN_OBJC_MISSING_PROPERTY_SYNTHESIS = NO;
				CLANG_WARN_OBJC_REPEATED_USE_OF_WEAK = YES_AGGRESSIVE;
				CLANG_WARN_RANGE_LOOP_ANALYSIS = YES;
				CLANG_WARN_STRICT_PROTOTYPES = YES;
				CLANG_WARN_SUSPICIOUS_MOVE = YES;
				CLANG_WARN_UNREACHABLE_CODE = YES;
				CLANG_WARN__DUPLICATE_METHOD_MATCH = YES;
				CLANG_WARN__EXIT_TIME_DESTRUCTORS = YES;
				ENABLE_STRICT_OBJC_MSGSEND = YES;
				ENABLE_TESTABILITY = YES;
				GCC_C_LANGUAGE_STANDARD = gnu99;
				GCC_NO_COMMON_BLOCKS = YES;
				GCC_OPTIMIZATION_LEVEL = 0;
				GCC_PREPROCESSOR_DEFINITIONS = DEBUG;
				GCC_SYMBOLS_PRIVATE_EXTERN = NO;
				GCC_VERSION = com.apple.compilers.llvm.clang.1_0;
				GCC_WARN_64_TO_32_BIT_CONVERSION = YES;
				GCC_WARN_ABOUT_RETURN_TYPE = YES;
				GCC_WARN_HIDDEN_VIRTUAL_FUNCTIONS = YES;
				GCC_WARN_NON_VIRTUAL_DESTRUCTOR = YES;
				GCC_WARN_PEDANTIC = YES;
				GCC_WARN_STRICT_SELECTOR_MATCH = YES;
				GCC_WARN_UNDECLARED_SELECTOR = YES;
				GCC_WARN_UNINITIALIZED_AUTOS = YES;
				GCC_WARN_UNUSED_FUNCTION = YES;
				GCC_WARN_UNUSED_VARIABLE = YES;
				MACOSX_DEPLOYMENT_TARGET = 10.14;
				ONLY_ACTIVE_ARCH = YES;
				SDKROOT = macosx;
				WARNING_CFLAGS = "-Wall";
			};
			name = Debug;
		};
		639A09AE13322F08000E27F4 /* Release */ = {
			isa = XCBuildConfiguration;
			buildSettings = {
				CLANG_ANALYZER_LOCALIZABILITY_NONLOCALIZED = YES;
				CLANG_CXX_LANGUAGE_STANDARD = "c++14";
				CLANG_WARN_BLOCK_CAPTURE_AUTORELEASING = YES;
				CLANG_WARN_BOOL_CONVERSION = YES;
				CLANG_WARN_COMMA = YES;
				CLANG_WARN_CONSTANT_CONVERSION = YES;
				CLANG_WARN_CXX0X_EXTENSIONS = YES;
				CLANG_WARN_DEPRECATED_OBJC_IMPLEMENTATIONS = YES;
				CLANG_WARN_EMPTY_BODY = YES;
				CLANG_WARN_ENUM_CONVERSION = YES;
				CLANG_WARN_INFINITE_RECURSION = YES;
				CLANG_WARN_INT_CONVERSION = YES;
				CLANG_WARN_NON_LITERAL_NULL_CONVERSION = YES;
				CLANG_WARN_OBJC_EXPLICIT_OWNERSHIP_TYPE = NO;
				CLANG_WARN_OBJC_IMPLICIT_RETAIN_SELF = YES;
				CLANG_WARN_OBJC_LITERAL_CONVERSION = YES;
				CLANG_WARN_OBJC_MISSING_PROPERTY_SYNTHESIS = NO;
				CLANG_WARN_OBJC_REPEATED_USE_OF_WEAK = YES_AGGRESSIVE;
				CLANG_WARN_RANGE_LOOP_ANALYSIS = YES;
				CLANG_WARN_STRICT_PROTOTYPES = YES;
				CLANG_WARN_SUSPICIOUS_MOVE = YES;
				CLANG_WARN_UNREACHABLE_CODE = YES;
				CLANG_WARN__DUPLICATE_METHOD_MATCH = YES;
				CLANG_WARN__EXIT_TIME_DESTRUCTORS = YES;
				ENABLE_STRICT_OBJC_MSGSEND = YES;
				GCC_C_LANGUAGE_STANDARD = gnu99;
				GCC_NO_COMMON_BLOCKS = YES;
				GCC_VERSION = com.apple.compilers.llvm.clang.1_0;
				GCC_WARN_64_TO_32_BIT_CONVERSION = YES;
				GCC_WARN_ABOUT_RETURN_TYPE = YES;
				GCC_WARN_HIDDEN_VIRTUAL_FUNCTIONS = YES;
				GCC_WARN_NON_VIRTUAL_DESTRUCTOR = YES;
				GCC_WARN_PEDANTIC = YES;
				GCC_WARN_STRICT_SELECTOR_MATCH = YES;
				GCC_WARN_UNDECLARED_SELECTOR = YES;
				GCC_WARN_UNINITIALIZED_AUTOS = YES;
				GCC_WARN_UNUSED_FUNCTION = YES;
				GCC_WARN_UNUSED_VARIABLE = YES;
				MACOSX_DEPLOYMENT_TARGET = 10.14;
				SDKROOT = macosx;
				WARNING_CFLAGS = "-Wall";
			};
			name = Release;
		};
		639A09B013322F08000E27F4 /* Debug */ = {
			isa = XCBuildConfiguration;
			buildSettings = {
				ALWAYS_SEARCH_USER_PATHS = NO;
				ASSETCATALOG_COMPILER_APPICON_NAME = AppIcon;
				CLANG_ENABLE_OBJC_ARC = YES;
				CODE_SIGN_IDENTITY = "Mac Developer";
				CODE_SIGN_STYLE = Automatic;
				COMBINE_HIDPI_IMAGES = YES;
				COPY_PHASE_STRIP = NO;
				DEVELOPMENT_TEAM = 9MWCHY26A8;
				ENABLE_HARDENED_RUNTIME = YES;
				GCC_DYNAMIC_NO_PIC = NO;
				GCC_ENABLE_OBJC_EXCEPTIONS = YES;
				GCC_PRECOMPILE_PREFIX_HEADER = YES;
				GCC_PREFIX_HEADER = "Yazmin/Yazmin-Prefix.pch";
				INFOPLIST_FILE = "Yazmin/Yazmin-Info.plist";
				PRODUCT_BUNDLE_IDENTIFIER = com.huntleygrange.Yazmin;
				PRODUCT_NAME = "$(TARGET_NAME)";
				PROVISIONING_PROFILE_SPECIFIER = "";
				WRAPPER_EXTENSION = app;
			};
			name = Debug;
		};
		639A09B113322F08000E27F4 /* Release */ = {
			isa = XCBuildConfiguration;
			buildSettings = {
				ALWAYS_SEARCH_USER_PATHS = NO;
				ASSETCATALOG_COMPILER_APPICON_NAME = AppIcon;
				CLANG_ENABLE_OBJC_ARC = YES;
				CODE_SIGN_IDENTITY = "Mac Developer";
				CODE_SIGN_STYLE = Automatic;
				COMBINE_HIDPI_IMAGES = YES;
				COPY_PHASE_STRIP = YES;
				DEBUG_INFORMATION_FORMAT = "dwarf-with-dsym";
				DEVELOPMENT_TEAM = 9MWCHY26A8;
				ENABLE_HARDENED_RUNTIME = YES;
				GCC_ENABLE_OBJC_EXCEPTIONS = YES;
				GCC_PRECOMPILE_PREFIX_HEADER = YES;
				GCC_PREFIX_HEADER = "Yazmin/Yazmin-Prefix.pch";
				INFOPLIST_FILE = "Yazmin/Yazmin-Info.plist";
				PRODUCT_BUNDLE_IDENTIFIER = com.huntleygrange.Yazmin;
				PRODUCT_NAME = "$(TARGET_NAME)";
				PROVISIONING_PROFILE_SPECIFIER = "";
				WRAPPER_EXTENSION = app;
			};
			name = Release;
		};
		639A09B313322F08000E27F4 /* Debug */ = {
			isa = XCBuildConfiguration;
			buildSettings = {
				ALWAYS_SEARCH_USER_PATHS = NO;
				BUNDLE_LOADER = "$(BUILT_PRODUCTS_DIR)/Yazmin.app/Contents/MacOS/Yazmin";
				CLANG_ENABLE_OBJC_ARC = YES;
				COMBINE_HIDPI_IMAGES = YES;
				COPY_PHASE_STRIP = NO;
				GCC_DYNAMIC_NO_PIC = NO;
				GCC_ENABLE_OBJC_EXCEPTIONS = YES;
				GCC_PRECOMPILE_PREFIX_HEADER = YES;
				GCC_PREFIX_HEADER = "YazminTests/YazminTests-Prefix.pch";
				GCC_WARN_PEDANTIC = NO;
				INFOPLIST_FILE = "YazminTests/YazminTests-Info.plist";
				PRODUCT_BUNDLE_IDENTIFIER = "net.synchroma.${PRODUCT_NAME:rfc1034identifier}";
				PRODUCT_NAME = "$(TARGET_NAME)";
				TEST_HOST = "$(BUNDLE_LOADER)";
			};
			name = Debug;
		};
		639A09B413322F08000E27F4 /* Release */ = {
			isa = XCBuildConfiguration;
			buildSettings = {
				ALWAYS_SEARCH_USER_PATHS = NO;
				BUNDLE_LOADER = "$(BUILT_PRODUCTS_DIR)/Yazmin.app/Contents/MacOS/Yazmin";
				CLANG_ENABLE_OBJC_ARC = YES;
				COMBINE_HIDPI_IMAGES = YES;
				COPY_PHASE_STRIP = YES;
				DEBUG_INFORMATION_FORMAT = "dwarf-with-dsym";
				GCC_ENABLE_OBJC_EXCEPTIONS = YES;
				GCC_PRECOMPILE_PREFIX_HEADER = YES;
				GCC_PREFIX_HEADER = "YazminTests/YazminTests-Prefix.pch";
				GCC_WARN_PEDANTIC = NO;
				INFOPLIST_FILE = "YazminTests/YazminTests-Info.plist";
				PRODUCT_BUNDLE_IDENTIFIER = "net.synchroma.${PRODUCT_NAME:rfc1034identifier}";
				PRODUCT_NAME = "$(TARGET_NAME)";
				TEST_HOST = "$(BUNDLE_LOADER)";
			};
			name = Release;
		};
/* End XCBuildConfiguration section */

/* Begin XCConfigurationList section */
		639A097413322F07000E27F4 /* Build configuration list for PBXProject "Yazmin" */ = {
			isa = XCConfigurationList;
			buildConfigurations = (
				639A09AD13322F08000E27F4 /* Debug */,
				639A09AE13322F08000E27F4 /* Release */,
			);
			defaultConfigurationIsVisible = 0;
			defaultConfigurationName = Release;
		};
		639A09AF13322F08000E27F4 /* Build configuration list for PBXNativeTarget "Yazmin" */ = {
			isa = XCConfigurationList;
			buildConfigurations = (
				639A09B013322F08000E27F4 /* Debug */,
				639A09B113322F08000E27F4 /* Release */,
			);
			defaultConfigurationIsVisible = 0;
			defaultConfigurationName = Release;
		};
		639A09B213322F08000E27F4 /* Build configuration list for PBXNativeTarget "YazminTests" */ = {
			isa = XCConfigurationList;
			buildConfigurations = (
				639A09B313322F08000E27F4 /* Debug */,
				639A09B413322F08000E27F4 /* Release */,
			);
			defaultConfigurationIsVisible = 0;
			defaultConfigurationName = Release;
		};
/* End XCConfigurationList section */
	};
	rootObject = 639A097113322F07000E27F4 /* Project object */;
}
